
Microsoft Visual Studio Solution File, Format Version 12.00
# Visual Studio Version 16
VisualStudioVersion = 16.0.30406.217
MinimumVisualStudioVersion = 10.0.40219.1
Project("{8BC9CEB8-8B4A-11D0-8D11-00A0C91BC942}") = "leetcode_1025", "leetcode_1025\leetcode_1025.vcxproj", "{AB700204-1F47-44C6-85AA-66AC29397D74}"
EndProject
Global
	GlobalSection(SolutionConfigurationPlatforms) = preSolution
		Debug|x64 = Debug|x64
		Debug|x86 = Debug|x86
		Release|x64 = Release|x64
		Release|x86 = Release|x86
	EndGlobalSection
	GlobalSection(ProjectConfigurationPlatforms) = postSolution
		{AB700204-1F47-44C6-85AA-66AC29397D74}.Debug|x64.ActiveCfg = Debug|x64
		{AB700204-1F47-44C6-85AA-66AC29397D74}.Debug|x64.Build.0 = Debug|x64
		{AB700204-1F47-44C6-85AA-66AC29397D74}.Debug|x86.ActiveCfg = Debug|Win32
		{AB700204-1F47-44C6-85AA-66AC29397D74}.Debug|x86.Build.0 = Debug|Win32
		{AB700204-1F47-44C6-85AA-66AC29397D74}.Release|x64.ActiveCfg = Release|x64
		{AB700204-1F47-44C6-85AA-66AC29397D74}.Release|x64.Build.0 = Release|x64
		{AB700204-1F47-44C6-85AA-66AC29397D74}.Release|x86.ActiveCfg = Release|Win32
		{AB700204-1F47-44C6-85AA-66AC29397D74}.Release|x86.Build.0 = Release|Win32
	EndGlobalSection
	GlobalSection(SolutionProperties) = preSolution
		HideSolutionNode = FALSE
	EndGlobalSection
	GlobalSection(ExtensibilityGlobals) = postSolution
		SolutionGuid = {D229AF00-CFF4-4E78-92B4-F31F9FCFDEF1}
	EndGlobalSection
EndGlobal
